
Microsoft Visual Studio Solution File, Format Version 12.00
# Visual Studio Version 17
VisualStudioVersion = 17.9.34723.18
MinimumVisualStudioVersion = 10.0.40219.1
Project("{FAE04EC0-301F-11D3-BF4B-00C04F79EFBC}") = "WaypointQueue", "WaypointQueue\WaypointQueue.csproj", "{B270F353-9D49-451F-B25A-CCB72EEE9D7C}"
EndProject
Project("{2150E333-8FDC-42A3-9474-1A3956D46DE8}") = "Solution Items", "Solution Items", "{7931003F-A99D-4FA4-B89B-428D713D2AC1}"
	ProjectSection(SolutionItems) = preProject
		Info.json = Info.json
		Paths.user.example = Paths.user.example
		README.md = README.md
		repository.json = repository.json
		UpdateVersion.ps1 = UpdateVersion.ps1
	EndProjectSection
EndProject
Project("{FAE04EC0-301F-11D3-BF4B-00C04F79EFBC}") = "WaypointQueue.Tests", "WaypointQueue.Tests\WaypointQueue.Tests.csproj", "{1FB13E05-C65B-4575-BC7F-E977A2479D12}"
EndProject
Global
	GlobalSection(SolutionConfigurationPlatforms) = preSolution
		Debug|Any CPU = Debug|Any CPU
		Release|Any CPU = Release|Any CPU
	EndGlobalSection
	GlobalSection(ProjectConfigurationPlatforms) = postSolution
		{B270F353-9D49-451F-B25A-CCB72EEE9D7C}.Debug|Any CPU.ActiveCfg = Debug|Any CPU
		{B270F353-9D49-451F-B25A-CCB72EEE9D7C}.Debug|Any CPU.Build.0 = Debug|Any CPU
		{B270F353-9D49-451F-B25A-CCB72EEE9D7C}.Release|Any CPU.ActiveCfg = Release|Any CPU
		{B270F353-9D49-451F-B25A-CCB72EEE9D7C}.Release|Any CPU.Build.0 = Release|Any CPU
		{1FB13E05-C65B-4575-BC7F-E977A2479D12}.Debug|Any CPU.ActiveCfg = Debug|Any CPU
		{1FB13E05-C65B-4575-BC7F-E977A2479D12}.Debug|Any CPU.Build.0 = Debug|Any CPU
		{1FB13E05-C65B-4575-BC7F-E977A2479D12}.Release|Any CPU.ActiveCfg = Release|Any CPU
		{1FB13E05-C65B-4575-BC7F-E977A2479D12}.Release|Any CPU.Build.0 = Release|Any CPU
	EndGlobalSection
	GlobalSection(SolutionProperties) = preSolution
		HideSolutionNode = FALSE
	EndGlobalSection
	GlobalSection(ExtensibilityGlobals) = postSolution
		SolutionGuid = {E1646C60-B849-406B-83C6-F986B4A44546}
	EndGlobalSection
EndGlobal
